// !$*UTF8*$!
{
	archiveVersion = 1;
	classes = {
	};
	objectVersion = 46;
	objects = {

/* Begin PBXBuildFile section */
		2EA2742CDFE98ADC5550383C /* libPods-BugsnagReactNative.a in Frameworks */ = {isa = PBXBuildFile; fileRef = 4236C0E149F051AD4F737CE1 /* libPods-BugsnagReactNative.a */; };
		8AD256171D6DE5F600C7D842 /* BugsnagReactNative.h in CopyFiles */ = {isa = PBXBuildFile; fileRef = 8AD256161D6DE5F600C7D842 /* BugsnagReactNative.h */; };
		8AD256191D6DE5F600C7D842 /* BugsnagReactNative.m in Sources */ = {isa = PBXBuildFile; fileRef = 8AD256181D6DE5F600C7D842 /* BugsnagReactNative.m */; };
/* End PBXBuildFile section */

/* Begin PBXCopyFilesBuildPhase section */
		8AD256111D6DE5F600C7D842 /* CopyFiles */ = {
			isa = PBXCopyFilesBuildPhase;
			buildActionMask = 2147483647;
			dstPath = "include/$(PRODUCT_NAME)";
			dstSubfolderSpec = 16;
			files = (
				8AD256171D6DE5F600C7D842 /* BugsnagReactNative.h in CopyFiles */,
			);
			runOnlyForDeploymentPostprocessing = 0;
		};
/* End PBXCopyFilesBuildPhase section */

/* Begin PBXFileReference section */
		4236C0E149F051AD4F737CE1 /* libPods-BugsnagReactNative.a */ = {isa = PBXFileReference; explicitFileType = archive.ar; includeInIndex = 0; path = "libPods-BugsnagReactNative.a"; sourceTree = BUILT_PRODUCTS_DIR; };
		8A61F03B1D6E378C008F4C97 /* libReact.a */ = {isa = PBXFileReference; lastKnownFileType = archive.ar; name = libReact.a; path = "../examples/node_modules/react-native/React/build/Debug-iphoneos/libReact.a"; sourceTree = "<group>"; };
		8A61F03D1D6E3B06008F4C97 /* libReact.a */ = {isa = PBXFileReference; lastKnownFileType = archive.ar; name = libReact.a; path = "../examples/node_modules/react-native/React/build/Debug-iphoneos/libReact.a"; sourceTree = "<group>"; };
		8AD256131D6DE5F600C7D842 /* libBugsnagReactNative.a */ = {isa = PBXFileReference; explicitFileType = archive.ar; includeInIndex = 0; path = libBugsnagReactNative.a; sourceTree = BUILT_PRODUCTS_DIR; };
		8AD256161D6DE5F600C7D842 /* BugsnagReactNative.h */ = {isa = PBXFileReference; lastKnownFileType = sourcecode.c.h; path = BugsnagReactNative.h; sourceTree = SOURCE_ROOT; };
		8AD256181D6DE5F600C7D842 /* BugsnagReactNative.m */ = {isa = PBXFileReference; lastKnownFileType = sourcecode.c.objc; path = BugsnagReactNative.m; sourceTree = SOURCE_ROOT; };
		E2DF6040088B7726ACA2113A /* Pods-BugsnagReactNative.debug.xcconfig */ = {isa = PBXFileReference; includeInIndex = 1; lastKnownFileType = text.xcconfig; name = "Pods-BugsnagReactNative.debug.xcconfig"; path = "../examples/ios/Pods/Target Support Files/Pods-BugsnagReactNative/Pods-BugsnagReactNative.debug.xcconfig"; sourceTree = "<group>"; };
		EBD37156417F8F80D9FC1523 /* Pods-BugsnagReactNative.release.xcconfig */ = {isa = PBXFileReference; includeInIndex = 1; lastKnownFileType = text.xcconfig; name = "Pods-BugsnagReactNative.release.xcconfig"; path = "../examples/ios/Pods/Target Support Files/Pods-BugsnagReactNative/Pods-BugsnagReactNative.release.xcconfig"; sourceTree = "<group>"; };
/* End PBXFileReference section */

/* Begin PBXFrameworksBuildPhase section */
		8AD256101D6DE5F600C7D842 /* Frameworks */ = {
			isa = PBXFrameworksBuildPhase;
			buildActionMask = 2147483647;
			files = (
				2EA2742CDFE98ADC5550383C /* libPods-BugsnagReactNative.a in Frameworks */,
			);
			runOnlyForDeploymentPostprocessing = 0;
		};
/* End PBXFrameworksBuildPhase section */

/* Begin PBXGroup section */
		8AD2560A1D6DE5F600C7D842 = {
			isa = PBXGroup;
			children = (
				8AD256151D6DE5F600C7D842 /* BugsnagReactNative */,
				8AD256141D6DE5F600C7D842 /* Products */,
				E9B4CE93682B55A71F0DF3AE /* Frameworks */,
				E8D0A53C549F924D6C2AA5C8 /* Pods */,
			);
			sourceTree = "<group>";
		};
		8AD256141D6DE5F600C7D842 /* Products */ = {
			isa = PBXGroup;
			children = (
				8AD256131D6DE5F600C7D842 /* libBugsnagReactNative.a */,
			);
			name = Products;
			sourceTree = "<group>";
		};
		8AD256151D6DE5F600C7D842 /* BugsnagReactNative */ = {
			isa = PBXGroup;
			children = (
				8AD256161D6DE5F600C7D842 /* BugsnagReactNative.h */,
				8AD256181D6DE5F600C7D842 /* BugsnagReactNative.m */,
			);
			path = BugsnagReactNative;
			sourceTree = SOURCE_ROOT;
		};
		E8D0A53C549F924D6C2AA5C8 /* Pods */ = {
			isa = PBXGroup;
			children = (
				E2DF6040088B7726ACA2113A /* Pods-BugsnagReactNative.debug.xcconfig */,
				EBD37156417F8F80D9FC1523 /* Pods-BugsnagReactNative.release.xcconfig */,
			);
			name = Pods;
			sourceTree = "<group>";
		};
		E9B4CE93682B55A71F0DF3AE /* Frameworks */ = {
			isa = PBXGroup;
			children = (
				8A61F03D1D6E3B06008F4C97 /* libReact.a */,
				8A61F03B1D6E378C008F4C97 /* libReact.a */,
				4236C0E149F051AD4F737CE1 /* libPods-BugsnagReactNative.a */,
			);
			name = Frameworks;
			sourceTree = "<group>";
		};
/* End PBXGroup section */

/* Begin PBXNativeTarget section */
		8AD256121D6DE5F600C7D842 /* BugsnagReactNative */ = {
			isa = PBXNativeTarget;
			buildConfigurationList = 8AD2561C1D6DE5F600C7D842 /* Build configuration list for PBXNativeTarget "BugsnagReactNative" */;
			buildPhases = (
				B57E161DE213F8EE55519E60 /* [CP] Check Pods Manifest.lock */,
				8AD2560F1D6DE5F600C7D842 /* Sources */,
				8AD256101D6DE5F600C7D842 /* Frameworks */,
				8AD256111D6DE5F600C7D842 /* CopyFiles */,
				4DD2B530FDA17BE8271BAAD8 /* [CP] Copy Pods Resources */,
			);
			buildRules = (
			);
			dependencies = (
			);
			name = BugsnagReactNative;
			productName = BugsnagReactNative;
			productReference = 8AD256131D6DE5F600C7D842 /* libBugsnagReactNative.a */;
			productType = "com.apple.product-type.library.static";
		};
/* End PBXNativeTarget section */

/* Begin PBXProject section */
		8AD2560B1D6DE5F600C7D842 /* Project object */ = {
			isa = PBXProject;
			attributes = {
				LastUpgradeCheck = 0730;
				ORGANIZATIONNAME = "Bugsnag, Inc.";
				TargetAttributes = {
					8AD256121D6DE5F600C7D842 = {
						CreatedOnToolsVersion = 7.3.1;
					};
				};
			};
			buildConfigurationList = 8AD2560E1D6DE5F600C7D842 /* Build configuration list for PBXProject "BugsnagReactNative" */;
			compatibilityVersion = "Xcode 3.2";
			developmentRegion = English;
			hasScannedForEncodings = 0;
			knownRegions = (
				en,
			);
			mainGroup = 8AD2560A1D6DE5F600C7D842;
			productRefGroup = 8AD256141D6DE5F600C7D842 /* Products */;
			projectDirPath = "";
			projectRoot = "";
			targets = (
				8AD256121D6DE5F600C7D842 /* BugsnagReactNative */,
			);
		};
/* End PBXProject section */

/* Begin PBXShellScriptBuildPhase section */
		4DD2B530FDA17BE8271BAAD8 /* [CP] Copy Pods Resources */ = {
			isa = PBXShellScriptBuildPhase;
			buildActionMask = 2147483647;
			files = (
			);
			inputPaths = (
			);
			name = "[CP] Copy Pods Resources";
			outputPaths = (
			);
			runOnlyForDeploymentPostprocessing = 0;
			shellPath = /bin/sh;
			shellScript = "\"${SRCROOT}/../examples/ios/Pods/Target Support Files/Pods-BugsnagReactNative/Pods-BugsnagReactNative-resources.sh\"\n";
			showEnvVarsInLog = 0;
		};
		B57E161DE213F8EE55519E60 /* [CP] Check Pods Manifest.lock */ = {
			isa = PBXShellScriptBuildPhase;
			buildActionMask = 2147483647;
			files = (
			);
			inputPaths = (
			);
			name = "[CP] Check Pods Manifest.lock";
			outputPaths = (
			);
			runOnlyForDeploymentPostprocessing = 0;
			shellPath = /bin/sh;
			shellScript = "diff \"${PODS_ROOT}/../Podfile.lock\" \"${PODS_ROOT}/Manifest.lock\" > /dev/null\nif [[ $? != 0 ]] ; then\n    cat << EOM\nerror: The sandbox is not in sync with the Podfile.lock. Run 'pod install' or update your CocoaPods installation.\nEOM\n    exit 1\nfi\n";
			showEnvVarsInLog = 0;
		};
/* End PBXShellScriptBuildPhase section */

/* Begin PBXSourcesBuildPhase section */
		8AD2560F1D6DE5F600C7D842 /* Sources */ = {
			isa = PBXSourcesBuildPhase;
			buildActionMask = 2147483647;
			files = (
				8AD256191D6DE5F600C7D842 /* BugsnagReactNative.m in Sources */,
			);
			runOnlyForDeploymentPostprocessing = 0;
		};
/* End PBXSourcesBuildPhase section */

/* Begin XCBuildConfiguration section */
		8AD2561A1D6DE5F600C7D842 /* Debug */ = {
			isa = XCBuildConfiguration;
			buildSettings = {
				ALWAYS_SEARCH_USER_PATHS = NO;
				CLANG_ANALYZER_NONNULL = YES;
				CLANG_CXX_LANGUAGE_STANDARD = "gnu++0x";
				CLANG_CXX_LIBRARY = "libc++";
				CLANG_ENABLE_MODULES = YES;
				CLANG_ENABLE_OBJC_ARC = YES;
				CLANG_WARN_BOOL_CONVERSION = YES;
				CLANG_WARN_CONSTANT_CONVERSION = YES;
				CLANG_WARN_DIRECT_OBJC_ISA_USAGE = YES_ERROR;
				CLANG_WARN_EMPTY_BODY = YES;
				CLANG_WARN_ENUM_CONVERSION = YES;
				CLANG_WARN_INT_CONVERSION = YES;
				CLANG_WARN_OBJC_ROOT_CLASS = YES_ERROR;
				CLANG_WARN_UNREACHABLE_CODE = YES;
				CLANG_WARN__DUPLICATE_METHOD_MATCH = YES;
				"CODE_SIGN_IDENTITY[sdk=iphoneos*]" = "iPhone Developer";
				COPY_PHASE_STRIP = NO;
				DEBUG_INFORMATION_FORMAT = dwarf;
				ENABLE_STRICT_OBJC_MSGSEND = YES;
				ENABLE_TESTABILITY = YES;
				GCC_C_LANGUAGE_STANDARD = gnu99;
				GCC_DYNAMIC_NO_PIC = NO;
				GCC_NO_COMMON_BLOCKS = YES;
				GCC_OPTIMIZATION_LEVEL = 0;
				GCC_PREPROCESSOR_DEFINITIONS = (
					"DEBUG=1",
					"$(inherited)",
				);
				GCC_WARN_64_TO_32_BIT_CONVERSION = YES;
				GCC_WARN_ABOUT_RETURN_TYPE = YES_ERROR;
				GCC_WARN_UNDECLARED_SELECTOR = YES;
				GCC_WARN_UNINITIALIZED_AUTOS = YES_AGGRESSIVE;
				GCC_WARN_UNUSED_FUNCTION = YES;
				GCC_WARN_UNUSED_VARIABLE = YES;
				IPHONEOS_DEPLOYMENT_TARGET = 9.3;
				MTL_ENABLE_DEBUG_INFO = YES;
				ONLY_ACTIVE_ARCH = YES;
				OTHER_LDFLAGS = "";
				SDKROOT = iphoneos;
			};
			name = Debug;
		};
		8AD2561B1D6DE5F600C7D842 /* Release */ = {
			isa = XCBuildConfiguration;
			buildSettings = {
				ALWAYS_SEARCH_USER_PATHS = NO;
				CLANG_ANALYZER_NONNULL = YES;
				CLANG_CXX_LANGUAGE_STANDARD = "gnu++0x";
				CLANG_CXX_LIBRARY = "libc++";
				CLANG_ENABLE_MODULES = YES;
				CLANG_ENABLE_OBJC_ARC = YES;
				CLANG_WARN_BOOL_CONVERSION = YES;
				CLANG_WARN_CONSTANT_CONVERSION = YES;
				CLANG_WARN_DIRECT_OBJC_ISA_USAGE = YES_ERROR;
				CLANG_WARN_EMPTY_BODY = YES;
				CLANG_WARN_ENUM_CONVERSION = YES;
				CLANG_WARN_INT_CONVERSION = YES;
				CLANG_WARN_OBJC_ROOT_CLASS = YES_ERROR;
				CLANG_WARN_UNREACHABLE_CODE = YES;
				CLANG_WARN__DUPLICATE_METHOD_MATCH = YES;
				"CODE_SIGN_IDENTITY[sdk=iphoneos*]" = "iPhone Developer";
				COPY_PHASE_STRIP = NO;
				DEBUG_INFORMATION_FORMAT = "dwarf-with-dsym";
				ENABLE_NS_ASSERTIONS = NO;
				ENABLE_STRICT_OBJC_MSGSEND = YES;
				GCC_C_LANGUAGE_STANDARD = gnu99;
				GCC_NO_COMMON_BLOCKS = YES;
				GCC_WARN_64_TO_32_BIT_CONVERSION = YES;
				GCC_WARN_ABOUT_RETURN_TYPE = YES_ERROR;
				GCC_WARN_UNDECLARED_SELECTOR = YES;
				GCC_WARN_UNINITIALIZED_AUTOS = YES_AGGRESSIVE;
				GCC_WARN_UNUSED_FUNCTION = YES;
				GCC_WARN_UNUSED_VARIABLE = YES;
				IPHONEOS_DEPLOYMENT_TARGET = 9.3;
				MTL_ENABLE_DEBUG_INFO = NO;
				OTHER_LDFLAGS = "";
				SDKROOT = iphoneos;
				VALIDATE_PRODUCT = YES;
			};
			name = Release;
		};
		8AD2561D1D6DE5F600C7D842 /* Debug */ = {
			isa = XCBuildConfiguration;
			baseConfigurationReference = E2DF6040088B7726ACA2113A /* Pods-BugsnagReactNative.debug.xcconfig */;
			buildSettings = {
				HEADER_SEARCH_PATHS = (
					"$(inherited)",
					"\"${PODS_ROOT}/Headers/Public\"",
					"\"${PODS_ROOT}/Headers/Public/Bugsnag\"",
					"\"${PODS_ROOT}/Headers/Public/KSCrash\"",
				);
				OTHER_LDFLAGS = (
					"-ObjC",
					"$(inherited)",
				);
				PRODUCT_NAME = "$(TARGET_NAME)";
				SKIP_INSTALL = YES;
			};
			name = Debug;
		};
		8AD2561E1D6DE5F600C7D842 /* Release */ = {
			isa = XCBuildConfiguration;
			baseConfigurationReference = EBD37156417F8F80D9FC1523 /* Pods-BugsnagReactNative.release.xcconfig */;
			buildSettings = {
				HEADER_SEARCH_PATHS = (
					"$(inherited)",
					"\"${PODS_ROOT}/Headers/Public\"",
					"\"${PODS_ROOT}/Headers/Public/Bugsnag\"",
					"\"${PODS_ROOT}/Headers/Public/KSCrash\"",
				);
				OTHER_LDFLAGS = (
					"-ObjC",
					"$(inherited)",
				);
				PRODUCT_NAME = "$(TARGET_NAME)";
				SKIP_INSTALL = YES;
			};
			name = Release;
		};
/* End XCBuildConfiguration section */

/* Begin XCConfigurationList section */
		8AD2560E1D6DE5F600C7D842 /* Build configuration list for PBXProject "BugsnagReactNative" */ = {
			isa = XCConfigurationList;
			buildConfigurations = (
				8AD2561A1D6DE5F600C7D842 /* Debug */,
				8AD2561B1D6DE5F600C7D842 /* Release */,
			);
			defaultConfigurationIsVisible = 0;
			defaultConfigurationName = Release;
		};
		8AD2561C1D6DE5F600C7D842 /* Build configuration list for PBXNativeTarget "BugsnagReactNative" */ = {
			isa = XCConfigurationList;
			buildConfigurations = (
				8AD2561D1D6DE5F600C7D842 /* Debug */,
				8AD2561E1D6DE5F600C7D842 /* Release */,
			);
			defaultConfigurationIsVisible = 0;
			defaultConfigurationName = Release;
		};
/* End XCConfigurationList section */
	};
	rootObject = 8AD2560B1D6DE5F600C7D842 /* Project object */;
}
