// !$*UTF8*$!
{
	archiveVersion = 1;
	classes = {
	};
	objectVersion = 46;
	objects = {

/* Begin PBXBuildFile section */
		8A0F9E631DC3DE1700BC83B2 /* libBugsnagLib.a in Frameworks */ = {isa = PBXBuildFile; fileRef = 8A0F9E621DC3DE0E00BC83B2 /* libBugsnagLib.a */; };
		8AD256171D6DE5F600C7D842 /* BugsnagReactNative.h in CopyFiles */ = {isa = PBXBuildFile; fileRef = 8AD256161D6DE5F600C7D842 /* BugsnagReactNative.h */; };
		8AD256191D6DE5F600C7D842 /* BugsnagReactNative.m in Sources */ = {isa = PBXBuildFile; fileRef = 8AD256181D6DE5F600C7D842 /* BugsnagReactNative.m */; };
/* End PBXBuildFile section */

/* Begin PBXContainerItemProxy section */
		8A0F9E611DC3DE0E00BC83B2 /* PBXContainerItemProxy */ = {
			isa = PBXContainerItemProxy;
			containerPortal = 8A5ACBF31DC11D6D00879C6D /* Bugsnag.xcodeproj */;
			proxyType = 2;
			remoteGlobalIDString = 8A0F9E401DC3DD9300BC83B2;
			remoteInfo = BugsnagLib;
		};
		8A5ACBF81DC11D6D00879C6D /* PBXContainerItemProxy */ = {
			isa = PBXContainerItemProxy;
			containerPortal = 8A5ACBF31DC11D6D00879C6D /* Bugsnag.xcodeproj */;
			proxyType = 2;
			remoteGlobalIDString = 8A2C8F181C6BBD2300846019;
			remoteInfo = Bugsnag;
		};
		8A5ACBFA1DC11D6D00879C6D /* PBXContainerItemProxy */ = {
			isa = PBXContainerItemProxy;
			containerPortal = 8A5ACBF31DC11D6D00879C6D /* Bugsnag.xcodeproj */;
			proxyType = 2;
			remoteGlobalIDString = 8A2C8F221C6BBD2300846019;
			remoteInfo = Tests;
		};
		8A5ACC031DC11D7600879C6D /* PBXContainerItemProxy */ = {
			isa = PBXContainerItemProxy;
			containerPortal = 8A5ACBFC1DC11D7600879C6D /* KSCrash-iOS.xcodeproj */;
			proxyType = 2;
			remoteGlobalIDString = CB6D132617EB749A00BC2C04;
			remoteInfo = KSCrashLib;
		};
		8A5ACC051DC11D7600879C6D /* PBXContainerItemProxy */ = {
			isa = PBXContainerItemProxy;
			containerPortal = 8A5ACBFC1DC11D7600879C6D /* KSCrash-iOS.xcodeproj */;
			proxyType = 2;
			remoteGlobalIDString = CB6D133317EB749A00BC2C04;
			remoteInfo = KSCrashTests;
		};
		8A5ACC071DC11D7600879C6D /* PBXContainerItemProxy */ = {
			isa = PBXContainerItemProxy;
			containerPortal = 8A5ACBFC1DC11D7600879C6D /* KSCrash-iOS.xcodeproj */;
			proxyType = 2;
			remoteGlobalIDString = 03DE7B6A1C84DEF700F789BA;
			remoteInfo = KSCrash;
		};
		8A5ACC091DC11D7600879C6D /* PBXContainerItemProxy */ = {
			isa = PBXContainerItemProxy;
			containerPortal = 8A5ACBFC1DC11D7600879C6D /* KSCrash-iOS.xcodeproj */;
			proxyType = 2;
			remoteGlobalIDString = EDF2BF211CCF15AD004BADF4;
			remoteInfo = KSCrash_static;
		};
/* End PBXContainerItemProxy section */

/* Begin PBXCopyFilesBuildPhase section */
		8AD256111D6DE5F600C7D842 /* CopyFiles */ = {
			isa = PBXCopyFilesBuildPhase;
			buildActionMask = 2147483647;
			dstPath = "include/$(PRODUCT_NAME)";
			dstSubfolderSpec = 16;
			files = (
				8AD256171D6DE5F600C7D842 /* BugsnagReactNative.h in CopyFiles */,
			);
			runOnlyForDeploymentPostprocessing = 0;
		};
/* End PBXCopyFilesBuildPhase section */

/* Begin PBXFileReference section */
		8A5ACBF31DC11D6D00879C6D /* Bugsnag.xcodeproj */ = {isa = PBXFileReference; lastKnownFileType = "wrapper.pb-project"; name = Bugsnag.xcodeproj; path = "vendor/bugsnag-cocoa/iOS/Bugsnag.xcodeproj"; sourceTree = "<group>"; };
		8A5ACBFC1DC11D7600879C6D /* KSCrash-iOS.xcodeproj */ = {isa = PBXFileReference; lastKnownFileType = "wrapper.pb-project"; name = "KSCrash-iOS.xcodeproj"; path = "vendor/kscrash/iOS/KSCrash-iOS.xcodeproj"; sourceTree = "<group>"; };
		8AD256131D6DE5F600C7D842 /* libBugsnagReactNative.a */ = {isa = PBXFileReference; explicitFileType = archive.ar; includeInIndex = 0; path = libBugsnagReactNative.a; sourceTree = BUILT_PRODUCTS_DIR; };
		8AD256161D6DE5F600C7D842 /* BugsnagReactNative.h */ = {isa = PBXFileReference; lastKnownFileType = sourcecode.c.h; path = BugsnagReactNative.h; sourceTree = SOURCE_ROOT; };
		8AD256181D6DE5F600C7D842 /* BugsnagReactNative.m */ = {isa = PBXFileReference; lastKnownFileType = sourcecode.c.objc; path = BugsnagReactNative.m; sourceTree = SOURCE_ROOT; };
/* End PBXFileReference section */

/* Begin PBXFrameworksBuildPhase section */
		8AD256101D6DE5F600C7D842 /* Frameworks */ = {
			isa = PBXFrameworksBuildPhase;
			buildActionMask = 2147483647;
			files = (
				8A0F9E631DC3DE1700BC83B2 /* libBugsnagLib.a in Frameworks */,
			);
			runOnlyForDeploymentPostprocessing = 0;
		};
/* End PBXFrameworksBuildPhase section */

/* Begin PBXGroup section */
		8A5ACBF41DC11D6D00879C6D /* Generated */ = {
			isa = PBXGroup;
			children = (
				8A5ACBF91DC11D6D00879C6D /* Bugsnag.framework */,
				8A5ACBFB1DC11D6D00879C6D /* Tests.xctest */,
				8A0F9E621DC3DE0E00BC83B2 /* libBugsnagLib.a */,
			);
			name = Generated;
			sourceTree = "<group>";
		};
		8A5ACBFD1DC11D7600879C6D /* Generated */ = {
			isa = PBXGroup;
			children = (
				8A5ACC041DC11D7600879C6D /* libKSCrashLib.a */,
				8A5ACC061DC11D7600879C6D /* KSCrashTests.xctest */,
				8A5ACC081DC11D7600879C6D /* KSCrash.framework */,
				8A5ACC0A1DC11D7600879C6D /* KSCrash.framework */,
			);
			name = Generated;
			sourceTree = "<group>";
		};
		8AB63CFA1D918BEF0002381B /* Frameworks */ = {
			isa = PBXGroup;
			children = (
			);
			name = Frameworks;
			sourceTree = "<group>";
		};
		8AD2560A1D6DE5F600C7D842 = {
			isa = PBXGroup;
			children = (
				8AB63CFA1D918BEF0002381B /* Frameworks */,
				8AD256151D6DE5F600C7D842 /* BugsnagReactNative */,
				8AF662D91D929B7800ABD39A /* Libraries */,
				8AD256141D6DE5F600C7D842 /* Products */,
			);
			sourceTree = "<group>";
		};
		8AD256141D6DE5F600C7D842 /* Products */ = {
			isa = PBXGroup;
			children = (
				8AD256131D6DE5F600C7D842 /* libBugsnagReactNative.a */,
			);
			name = Products;
			sourceTree = "<group>";
		};
		8AD256151D6DE5F600C7D842 /* BugsnagReactNative */ = {
			isa = PBXGroup;
			children = (
				8AD256161D6DE5F600C7D842 /* BugsnagReactNative.h */,
				8AD256181D6DE5F600C7D842 /* BugsnagReactNative.m */,
			);
			path = BugsnagReactNative;
			sourceTree = SOURCE_ROOT;
		};
		8AF662D91D929B7800ABD39A /* Libraries */ = {
			isa = PBXGroup;
			children = (
				8A5ACBFC1DC11D7600879C6D /* KSCrash-iOS.xcodeproj */,
				8A5ACBF31DC11D6D00879C6D /* Bugsnag.xcodeproj */,
			);
			name = Libraries;
			sourceTree = "<group>";
		};
/* End PBXGroup section */

/* Begin PBXNativeTarget section */
		8AD256121D6DE5F600C7D842 /* BugsnagReactNative */ = {
			isa = PBXNativeTarget;
			buildConfigurationList = 8AD2561C1D6DE5F600C7D842 /* Build configuration list for PBXNativeTarget "BugsnagReactNative" */;
			buildPhases = (
				8AD2560F1D6DE5F600C7D842 /* Sources */,
				8AD256101D6DE5F600C7D842 /* Frameworks */,
				8AD256111D6DE5F600C7D842 /* CopyFiles */,
			);
			buildRules = (
			);
			dependencies = (
			);
			name = BugsnagReactNative;
			productName = BugsnagReactNative;
			productReference = 8AD256131D6DE5F600C7D842 /* libBugsnagReactNative.a */;
			productType = "com.apple.product-type.library.static";
		};
/* End PBXNativeTarget section */

/* Begin PBXProject section */
		8AD2560B1D6DE5F600C7D842 /* Project object */ = {
			isa = PBXProject;
			attributes = {
				LastUpgradeCheck = 0730;
				ORGANIZATIONNAME = "Bugsnag, Inc.";
				TargetAttributes = {
					8AD256121D6DE5F600C7D842 = {
						CreatedOnToolsVersion = 7.3.1;
					};
				};
			};
			buildConfigurationList = 8AD2560E1D6DE5F600C7D842 /* Build configuration list for PBXProject "BugsnagReactNative" */;
			compatibilityVersion = "Xcode 3.2";
			developmentRegion = English;
			hasScannedForEncodings = 0;
			knownRegions = (
				en,
			);
			mainGroup = 8AD2560A1D6DE5F600C7D842;
			productRefGroup = 8AD256141D6DE5F600C7D842 /* Products */;
			projectDirPath = "";
			projectReferences = (
				{
					ProductGroup = 8A5ACBF41DC11D6D00879C6D /* Generated */;
					ProjectRef = 8A5ACBF31DC11D6D00879C6D /* Bugsnag.xcodeproj */;
				},
				{
					ProductGroup = 8A5ACBFD1DC11D7600879C6D /* Generated */;
					ProjectRef = 8A5ACBFC1DC11D7600879C6D /* KSCrash-iOS.xcodeproj */;
				},
			);
			projectRoot = "";
			targets = (
				8AD256121D6DE5F600C7D842 /* BugsnagReactNative */,
			);
		};
/* End PBXProject section */

/* Begin PBXReferenceProxy section */
		8A0F9E621DC3DE0E00BC83B2 /* libBugsnagLib.a */ = {
			isa = PBXReferenceProxy;
			fileType = archive.ar;
			path = libBugsnagLib.a;
			remoteRef = 8A0F9E611DC3DE0E00BC83B2 /* PBXContainerItemProxy */;
			sourceTree = BUILT_PRODUCTS_DIR;
		};
		8A5ACBF91DC11D6D00879C6D /* Bugsnag.framework */ = {
			isa = PBXReferenceProxy;
			fileType = wrapper.framework;
			path = Bugsnag.framework;
			remoteRef = 8A5ACBF81DC11D6D00879C6D /* PBXContainerItemProxy */;
			sourceTree = BUILT_PRODUCTS_DIR;
		};
		8A5ACBFB1DC11D6D00879C6D /* Tests.xctest */ = {
			isa = PBXReferenceProxy;
			fileType = wrapper.cfbundle;
			path = Tests.xctest;
			remoteRef = 8A5ACBFA1DC11D6D00879C6D /* PBXContainerItemProxy */;
			sourceTree = BUILT_PRODUCTS_DIR;
		};
		8A5ACC041DC11D7600879C6D /* libKSCrashLib.a */ = {
			isa = PBXReferenceProxy;
			fileType = archive.ar;
			path = libKSCrashLib.a;
			remoteRef = 8A5ACC031DC11D7600879C6D /* PBXContainerItemProxy */;
			sourceTree = BUILT_PRODUCTS_DIR;
		};
		8A5ACC061DC11D7600879C6D /* KSCrashTests.xctest */ = {
			isa = PBXReferenceProxy;
			fileType = wrapper.cfbundle;
			path = KSCrashTests.xctest;
			remoteRef = 8A5ACC051DC11D7600879C6D /* PBXContainerItemProxy */;
			sourceTree = BUILT_PRODUCTS_DIR;
		};
		8A5ACC081DC11D7600879C6D /* KSCrash.framework */ = {
			isa = PBXReferenceProxy;
			fileType = wrapper.framework;
			path = KSCrash.framework;
			remoteRef = 8A5ACC071DC11D7600879C6D /* PBXContainerItemProxy */;
			sourceTree = BUILT_PRODUCTS_DIR;
		};
		8A5ACC0A1DC11D7600879C6D /* KSCrash.framework */ = {
			isa = PBXReferenceProxy;
			fileType = wrapper.framework;
			path = KSCrash.framework;
			remoteRef = 8A5ACC091DC11D7600879C6D /* PBXContainerItemProxy */;
			sourceTree = BUILT_PRODUCTS_DIR;
		};
/* End PBXReferenceProxy section */

/* Begin PBXSourcesBuildPhase section */
		8AD2560F1D6DE5F600C7D842 /* Sources */ = {
			isa = PBXSourcesBuildPhase;
			buildActionMask = 2147483647;
			files = (
				8AD256191D6DE5F600C7D842 /* BugsnagReactNative.m in Sources */,
			);
			runOnlyForDeploymentPostprocessing = 0;
		};
/* End PBXSourcesBuildPhase section */

/* Begin XCBuildConfiguration section */
		8AD2561A1D6DE5F600C7D842 /* Debug */ = {
			isa = XCBuildConfiguration;
			buildSettings = {
				ALWAYS_SEARCH_USER_PATHS = NO;
				CLANG_ANALYZER_NONNULL = YES;
				CLANG_CXX_LANGUAGE_STANDARD = "gnu++0x";
				CLANG_CXX_LIBRARY = "libc++";
				CLANG_ENABLE_MODULES = YES;
				CLANG_ENABLE_OBJC_ARC = YES;
				CLANG_WARN_BOOL_CONVERSION = YES;
				CLANG_WARN_CONSTANT_CONVERSION = YES;
				CLANG_WARN_DIRECT_OBJC_ISA_USAGE = YES_ERROR;
				CLANG_WARN_EMPTY_BODY = YES;
				CLANG_WARN_ENUM_CONVERSION = YES;
				CLANG_WARN_INT_CONVERSION = YES;
				CLANG_WARN_OBJC_ROOT_CLASS = YES_ERROR;
				CLANG_WARN_UNREACHABLE_CODE = YES;
				CLANG_WARN__DUPLICATE_METHOD_MATCH = YES;
				"CODE_SIGN_IDENTITY[sdk=iphoneos*]" = "iPhone Developer";
				COPY_PHASE_STRIP = NO;
				DEBUG_INFORMATION_FORMAT = dwarf;
				ENABLE_STRICT_OBJC_MSGSEND = YES;
				ENABLE_TESTABILITY = YES;
				GCC_C_LANGUAGE_STANDARD = gnu99;
				GCC_DYNAMIC_NO_PIC = NO;
				GCC_NO_COMMON_BLOCKS = YES;
				GCC_OPTIMIZATION_LEVEL = 0;
				GCC_PREPROCESSOR_DEFINITIONS = (
					"DEBUG=1",
					"$(inherited)",
				);
				GCC_WARN_64_TO_32_BIT_CONVERSION = YES;
				GCC_WARN_ABOUT_RETURN_TYPE = YES_ERROR;
				GCC_WARN_UNDECLARED_SELECTOR = YES;
				GCC_WARN_UNINITIALIZED_AUTOS = YES_AGGRESSIVE;
				GCC_WARN_UNUSED_FUNCTION = YES;
				GCC_WARN_UNUSED_VARIABLE = YES;
				IPHONEOS_DEPLOYMENT_TARGET = 8.0;
				MTL_ENABLE_DEBUG_INFO = YES;
				ONLY_ACTIVE_ARCH = YES;
				OTHER_LDFLAGS = "";
				SDKROOT = iphoneos;
			};
			name = Debug;
		};
		8AD2561B1D6DE5F600C7D842 /* Release */ = {
			isa = XCBuildConfiguration;
			buildSettings = {
				ALWAYS_SEARCH_USER_PATHS = NO;
				CLANG_ANALYZER_NONNULL = YES;
				CLANG_CXX_LANGUAGE_STANDARD = "gnu++0x";
				CLANG_CXX_LIBRARY = "libc++";
				CLANG_ENABLE_MODULES = YES;
				CLANG_ENABLE_OBJC_ARC = YES;
				CLANG_WARN_BOOL_CONVERSION = YES;
				CLANG_WARN_CONSTANT_CONVERSION = YES;
				CLANG_WARN_DIRECT_OBJC_ISA_USAGE = YES_ERROR;
				CLANG_WARN_EMPTY_BODY = YES;
				CLANG_WARN_ENUM_CONVERSION = YES;
				CLANG_WARN_INT_CONVERSION = YES;
				CLANG_WARN_OBJC_ROOT_CLASS = YES_ERROR;
				CLANG_WARN_UNREACHABLE_CODE = YES;
				CLANG_WARN__DUPLICATE_METHOD_MATCH = YES;
				"CODE_SIGN_IDENTITY[sdk=iphoneos*]" = "iPhone Developer";
				COPY_PHASE_STRIP = NO;
				DEBUG_INFORMATION_FORMAT = "dwarf-with-dsym";
				ENABLE_NS_ASSERTIONS = NO;
				ENABLE_STRICT_OBJC_MSGSEND = YES;
				GCC_C_LANGUAGE_STANDARD = gnu99;
				GCC_NO_COMMON_BLOCKS = YES;
				GCC_WARN_64_TO_32_BIT_CONVERSION = YES;
				GCC_WARN_ABOUT_RETURN_TYPE = YES_ERROR;
				GCC_WARN_UNDECLARED_SELECTOR = YES;
				GCC_WARN_UNINITIALIZED_AUTOS = YES_AGGRESSIVE;
				GCC_WARN_UNUSED_FUNCTION = YES;
				GCC_WARN_UNUSED_VARIABLE = YES;
				IPHONEOS_DEPLOYMENT_TARGET = 8.0;
				MTL_ENABLE_DEBUG_INFO = NO;
				OTHER_LDFLAGS = "";
				SDKROOT = iphoneos;
				VALIDATE_PRODUCT = YES;
			};
			name = Release;
		};
		8AD2561D1D6DE5F600C7D842 /* Debug */ = {
			isa = XCBuildConfiguration;
			buildSettings = {
				HEADER_SEARCH_PATHS = (
					"$(inherited)",
					"$(SRCROOT)/../../react-native/React/**",
					"$(SRCROOT)/vendor/bugsnag-cocoa/Source/",
				);
				OTHER_LDFLAGS = (
					"-ObjC",
					"$(inherited)",
				);
				PRODUCT_NAME = "$(TARGET_NAME)";
				SKIP_INSTALL = YES;
			};
			name = Debug;
		};
		8AD2561E1D6DE5F600C7D842 /* Release */ = {
			isa = XCBuildConfiguration;
			buildSettings = {
				HEADER_SEARCH_PATHS = (
					"$(inherited)",
					"$(SRCROOT)/../../react-native/React/**",
					"$(SRCROOT)/vendor/bugsnag-cocoa/Source/",
				);
				OTHER_LDFLAGS = (
					"-ObjC",
					"$(inherited)",
				);
				PRODUCT_NAME = "$(TARGET_NAME)";
				SKIP_INSTALL = YES;
			};
			name = Release;
		};
/* End XCBuildConfiguration section */

/* Begin XCConfigurationList section */
		8AD2560E1D6DE5F600C7D842 /* Build configuration list for PBXProject "BugsnagReactNative" */ = {
			isa = XCConfigurationList;
			buildConfigurations = (
				8AD2561A1D6DE5F600C7D842 /* Debug */,
				8AD2561B1D6DE5F600C7D842 /* Release */,
			);
			defaultConfigurationIsVisible = 0;
			defaultConfigurationName = Release;
		};
		8AD2561C1D6DE5F600C7D842 /* Build configuration list for PBXNativeTarget "BugsnagReactNative" */ = {
			isa = XCConfigurationList;
			buildConfigurations = (
				8AD2561D1D6DE5F600C7D842 /* Debug */,
				8AD2561E1D6DE5F600C7D842 /* Release */,
			);
			defaultConfigurationIsVisible = 0;
			defaultConfigurationName = Release;
		};
/* End XCConfigurationList section */
	};
	rootObject = 8AD2560B1D6DE5F600C7D842 /* Project object */;
}
