PODS:
  - boost (1.59.0):
    - boost/graph-includes (= 1.59.0)
    - boost/math-includes (= 1.59.0)
    - boost/numeric-includes (= 1.59.0)
    - boost/pointer_cast-includes (= 1.59.0)
    - boost/preprocessor-includes (= 1.59.0)
    - boost/shared_ptr-includes (= 1.59.0)
    - boost/string_algorithms-includes (= 1.59.0)
  - boost/graph-includes (1.59.0)
  - boost/math-includes (1.59.0)
  - boost/numeric-includes (1.59.0)
  - boost/pointer_cast-includes (1.59.0)
  - boost/preprocessor-includes (1.59.0)
  - boost/shared_ptr-includes (1.59.0)
  - boost/string_algorithms-includes (1.59.0)
  - BugsnagReactNative (2.21.1):
    - BugsnagReactNative/Core (= 2.21.1)
    - React
  - BugsnagReactNative/Core (2.21.1):
    - React
  - DoubleConversion (1.1.5)
  - Folly (2016.09.26.00):
    - boost
    - DoubleConversion
    - GLog
  - GLog (0.3.4)
  - React (0.49.5):
    - React/Core (= 0.49.5)
  - React/Core (0.49.5):
    - yoga (= 0.49.5.React)
  - React/CxxBridge (0.49.5):
    - Folly (= 2016.09.26.00)
    - React/Core
    - React/cxxreact
  - React/cxxreact (0.49.5):
    - boost
    - Folly (= 2016.09.26.00)
    - React/jschelpers
  - React/DevSupport (0.49.5):
    - React/Core
    - React/RCTWebSocket
  - React/fishhook (0.49.5)
  - React/jschelpers (0.49.5):
    - Folly (= 2016.09.26.00)
  - React/RCTActionSheet (0.49.5):
    - React/Core
  - React/RCTAnimation (0.49.5):
    - React/Core
  - React/RCTBlob (0.49.5):
    - React/Core
  - React/RCTImage (0.49.5):
    - React/Core
    - React/RCTNetwork
  - React/RCTNetwork (0.49.5):
    - React/Core
  - React/RCTText (0.49.5):
    - React/Core
  - React/RCTWebSocket (0.49.5):
    - React/Core
    - React/fishhook
    - React/RCTBlob
  - yoga (0.49.5.React)

DEPENDENCIES:
  - BugsnagReactNative (from `./node_modules/bugsnag-react-native`)
  - DoubleConversion (from `./node_modules/react-native/third-party-podspecs/DoubleConversion.podspec`)
  - Folly (from `./node_modules/react-native/third-party-podspecs/Folly.podspec`)
  - GLog (from `./node_modules/react-native/third-party-podspecs/GLog.podspec`)
  - React/Core (from `./node_modules/react-native`)
  - React/CxxBridge (from `./node_modules/react-native`)
  - React/cxxreact (from `./node_modules/react-native`)
  - React/DevSupport (from `./node_modules/react-native`)
  - React/jschelpers (from `./node_modules/react-native`)
  - React/RCTActionSheet (from `./node_modules/react-native`)
  - React/RCTAnimation (from `./node_modules/react-native`)
  - React/RCTImage (from `./node_modules/react-native`)
  - React/RCTNetwork (from `./node_modules/react-native`)
  - React/RCTText (from `./node_modules/react-native`)
  - React/RCTWebSocket (from `./node_modules/react-native`)
  - yoga (from `./node_modules/react-native/ReactCommon/yoga`)

SPEC REPOS:
  https://github.com/cocoapods/specs.git:
    - boost

EXTERNAL SOURCES:
  BugsnagReactNative:
    :path: "./node_modules/bugsnag-react-native"
  DoubleConversion:
    :podspec: "./node_modules/react-native/third-party-podspecs/DoubleConversion.podspec"
  Folly:
    :podspec: "./node_modules/react-native/third-party-podspecs/Folly.podspec"
  GLog:
    :podspec: "./node_modules/react-native/third-party-podspecs/GLog.podspec"
  React:
    :path: "./node_modules/react-native"
  yoga:
    :path: "./node_modules/react-native/ReactCommon/yoga"

SPEC CHECKSUMS:
  boost: c3477167da90f975ad14372bc55690f6f91a76b0
  BugsnagReactNative: 3ece9f1c9c8b5ac0eba71f1ddb5b08f4865dab26
  DoubleConversion: ebb6747c5b66026ad4f97b789c3ceac6f18e57a6
  Folly: b7255b29f1d693c375d642d0f04f0592181156d9
  GLog: 3e4e4ae9746ce6bf6e9420c7fc1e08ad59c8ba1a
  React: 9d5a23842dcc75ffef540ee2d2ef0eee1904ee58
  yoga: 596e987aa8aac0165abb235d2977982f090476a0

PODFILE CHECKSUM: 0e96525e391f7dbb69380b2e74ff63febf509288

COCOAPODS: 1.7.1
